{
  "name": "react-test",
  "version": "7.4.1",
  "lockfileVersion": 2,
  "requires": true,
  "packages": {
    "": {
      "name": "react-test",
      "version": "7.4.1",
      "license": "MIT",
      "dependencies": {
        "react": "^19.1.0",
        "react-dom": "^19.1.0"
      },
      "devDependencies": {
        "@babel/preset-react": "^7.27.1"
      }
    },
    "node_modules/@ampproject/remapping": {
      "version": "2.2.0",
      "resolved": "https://registry.npmjs.org/@ampproject/remapping/-/remapping-2.2.0.tgz",
      "integrity": "sha512-qRmjj8nj9qmLTQXXmaR1cck3UXSRMPrbsLJAasZpF+t3riI71BXed5ebIOYwQntykeZuhjsdweEc9BxH5Jc26w==",
      "dev": true,
      "peer": true,
      "dependencies": {
        "@jridgewell/gen-mapping": "^0.1.0",
        "@jridgewell/trace-mapping": "^0.3.9"
      },
      "engines": {
        "node": ">=6.0.0"
      }
    },
    "node_modules/@babel/code-frame": {
      "version": "7.27.1",
      "resolved": "https://registry.npmjs.org/@babel/code-frame/-/code-frame-7.27.1.tgz",
      "integrity": "sha512-cjQ7ZlQ0Mv3b47hABuTevyTuYN4i+loJKGeV9flcCgIK37cCXRh+L1bd3iBHlynerhQ7BhCkn2BPbQUL+rGqFg==",
      "dev": true,
      "dependencies": {
        "@babel/helper-validator-identifier": "^7.27.1",
        "js-tokens": "^4.0.0",
        "picocolors": "^1.1.1"
      },
      "engines": {
        "node": ">=6.9.0"
      }
    },
    "node_modules/@babel/compat-data": {
      "version": "7.17.10",
      "resolved": "https://registry.npmjs.org/@babel/compat-data/-/compat-data-7.17.10.tgz",
      "integrity": "sha512-GZt/TCsG70Ms19gfZO1tM4CVnXsPgEPBCpJu+Qz3L0LUDsY5nZqFZglIoPC1kIYOtNBZlrnFT+klg12vFGZXrw==",
      "dev": true,
      "peer": true,
      "engines": {
        "node": ">=6.9.0"
      }
    },
    "node_modules/@babel/core": {
      "version": "7.17.10",
      "resolved": "https://registry.npmjs.org/@babel/core/-/core-7.17.10.tgz",
      "integrity": "sha512-liKoppandF3ZcBnIYFjfSDHZLKdLHGJRkoWtG8zQyGJBQfIYobpnVGI5+pLBNtS6psFLDzyq8+h5HiVljW9PNA==",
      "dev": true,
      "peer": true,
      "dependencies": {
        "@ampproject/remapping": "^2.1.0",
        "@babel/code-frame": "^7.16.7",
        "@babel/generator": "^7.17.10",
        "@babel/helper-compilation-targets": "^7.17.10",
        "@babel/helper-module-transforms": "^7.17.7",
        "@babel/helpers": "^7.17.9",
        "@babel/parser": "^7.17.10",
        "@babel/template": "^7.16.7",
        "@babel/traverse": "^7.17.10",
        "@babel/types": "^7.17.10",
        "convert-source-map": "^1.7.0",
        "debug": "^4.1.0",
        "gensync": "^1.0.0-beta.2",
        "json5": "^2.2.1",
        "semver": "^6.3.0"
      },
      "engines": {
        "node": ">=6.9.0"
      },
      "funding": {
        "type": "opencollective",
        "url": "https://opencollective.com/babel"
      }
    },
    "node_modules/@babel/generator": {
      "version": "7.28.5",
      "resolved": "https://registry.npmjs.org/@babel/generator/-/generator-7.28.5.tgz",
      "integrity": "sha512-3EwLFhZ38J4VyIP6WNtt2kUdW9dokXA9Cr4IVIFHuCpZ3H8/YFOl5JjZHisrn1fATPBmKKqXzDFvh9fUwHz6CQ==",
      "dev": true,
      "dependencies": {
        "@babel/parser": "^7.28.5",
        "@babel/types": "^7.28.5",
        "@jridgewell/gen-mapping": "^0.3.12",
        "@jridgewell/trace-mapping": "^0.3.28",
        "jsesc": "^3.0.2"
      },
      "engines": {
        "node": ">=6.9.0"
      }
    },
    "node_modules/@babel/generator/node_modules/@jridgewell/gen-mapping": {
      "version": "0.3.13",
      "resolved": "https://registry.npmjs.org/@jridgewell/gen-mapping/-/gen-mapping-0.3.13.tgz",
      "integrity": "sha512-2kkt/7niJ6MgEPxF0bYdQ6etZaA+fQvDcLKckhy1yIQOzaoKjBBjSj63/aLVjYE3qhRt5dvM+uUyfCg6UKCBbA==",
      "dev": true,
      "dependencies": {
        "@jridgewell/sourcemap-codec": "^1.5.0",
        "@jridgewell/trace-mapping": "^0.3.24"
      }
    },
    "node_modules/@babel/helper-annotate-as-pure": {
      "version": "7.27.3",
      "resolved": "https://registry.npmjs.org/@babel/helper-annotate-as-pure/-/helper-annotate-as-pure-7.27.3.tgz",
      "integrity": "sha512-fXSwMQqitTGeHLBC08Eq5yXz2m37E4pJX1qAU1+2cNedz/ifv/bVXft90VeSav5nFO61EcNgwr0aJxbyPaWBPg==",
      "dev": true,
      "dependencies": {
        "@babel/types": "^7.27.3"
      },
      "engines": {
        "node": ">=6.9.0"
      }
    },
    "node_modules/@babel/helper-compilation-targets": {
      "version": "7.17.10",
      "resolved": "https://registry.npmjs.org/@babel/helper-compilation-targets/-/helper-compilation-targets-7.17.10.tgz",
      "integrity": "sha512-gh3RxjWbauw/dFiU/7whjd0qN9K6nPJMqe6+Er7rOavFh0CQUSwhAE3IcTho2rywPJFxej6TUUHDkWcYI6gGqQ==",
      "dev": true,
      "peer": true,
      "dependencies": {
        "@babel/compat-data": "^7.17.10",
        "@babel/helper-validator-option": "^7.16.7",
        "browserslist": "^4.20.2",
        "semver": "^6.3.0"
      },
      "engines": {
        "node": ">=6.9.0"
      },
      "peerDependencies": {
        "@babel/core": "^7.0.0"
      }
    },
    "node_modules/@babel/helper-environment-visitor": {
      "version": "7.16.7",
      "resolved": "https://registry.npmjs.org/@babel/helper-environment-visitor/-/helper-environment-visitor-7.16.7.tgz",
      "integrity": "sha512-SLLb0AAn6PkUeAfKJCCOl9e1R53pQlGAfc4y4XuMRZfqeMYLE0dM1LMhqbGAlGQY0lfw5/ohoYWAe9V1yibRag==",
      "dev": true,
      "peer": true,
      "dependencies": {
        "@babel/types": "^7.16.7"
      },
      "engines": {
        "node": ">=6.9.0"
      }
    },
    "node_modules/@babel/helper-globals": {
      "version": "7.28.0",
      "resolved": "https://registry.npmjs.org/@babel/helper-globals/-/helper-globals-7.28.0.tgz",
      "integrity": "sha512-+W6cISkXFa1jXsDEdYA8HeevQT/FULhxzR99pxphltZcVaugps53THCeiWA8SguxxpSp3gKPiuYfSWopkLQ4hw==",
      "dev": true,
      "engines": {
        "node": ">=6.9.0"
      }
    },
    "node_modules/@babel/helper-module-imports": {
      "version": "7.27.1",
      "resolved": "https://registry.npmjs.org/@babel/helper-module-imports/-/helper-module-imports-7.27.1.tgz",
      "integrity": "sha512-0gSFWUPNXNopqtIPQvlD5WgXYI5GY2kP2cCvoT8kczjbfcfuIljTbcWrulD1CIPIX2gt1wghbDy08yE1p+/r3w==",
      "dev": true,
      "dependencies": {
        "@babel/traverse": "^7.27.1",
        "@babel/types": "^7.27.1"
      },
      "engines": {
        "node": ">=6.9.0"
      }
    },
    "node_modules/@babel/helper-module-transforms": {
      "version": "7.17.7",
      "resolved": "https://registry.npmjs.org/@babel/helper-module-transforms/-/helper-module-transforms-7.17.7.tgz",
      "integrity": "sha512-VmZD99F3gNTYB7fJRDTi+u6l/zxY0BE6OIxPSU7a50s6ZUQkHwSDmV92FfM+oCG0pZRVojGYhkR8I0OGeCVREw==",
      "dev": true,
      "peer": true,
      "dependencies": {
        "@babel/helper-environment-visitor": "^7.16.7",
        "@babel/helper-module-imports": "^7.16.7",
        "@babel/helper-simple-access": "^7.17.7",
        "@babel/helper-split-export-declaration": "^7.16.7",
        "@babel/helper-validator-identifier": "^7.16.7",
        "@babel/template": "^7.16.7",
        "@babel/traverse": "^7.17.3",
        "@babel/types": "^7.17.0"
      },
      "engines": {
        "node": ">=6.9.0"
      }
    },
    "node_modules/@babel/helper-plugin-utils": {
      "version": "7.27.1",
      "resolved": "https://registry.npmjs.org/@babel/helper-plugin-utils/-/helper-plugin-utils-7.27.1.tgz",
      "integrity": "sha512-1gn1Up5YXka3YYAHGKpbideQ5Yjf1tDa9qYcgysz+cNCXukyLl6DjPXhD3VRwSb8c0J9tA4b2+rHEZtc6R0tlw==",
      "dev": true,
      "engines": {
        "node": ">=6.9.0"
      }
    },
    "node_modules/@babel/helper-simple-access": {
      "version": "7.17.7",
      "resolved": "https://registry.npmjs.org/@babel/helper-simple-access/-/helper-simple-access-7.17.7.tgz",
      "integrity": "sha512-txyMCGroZ96i+Pxr3Je3lzEJjqwaRC9buMUgtomcrLe5Nd0+fk1h0LLA+ixUF5OW7AhHuQ7Es1WcQJZmZsz2XA==",
      "dev": true,
      "peer": true,
      "dependencies": {
        "@babel/types": "^7.17.0"
      },
      "engines": {
        "node": ">=6.9.0"
      }
    },
    "node_modules/@babel/helper-split-export-declaration": {
      "version": "7.16.7",
      "resolved": "https://registry.npmjs.org/@babel/helper-split-export-declaration/-/helper-split-export-declaration-7.16.7.tgz",
      "integrity": "sha512-xbWoy/PFoxSWazIToT9Sif+jJTlrMcndIsaOKvTA6u7QEo7ilkRZpjew18/W3c7nm8fXdUDXh02VXTbZ0pGDNw==",
      "dev": true,
      "peer": true,
      "dependencies": {
        "@babel/types": "^7.16.7"
      },
      "engines": {
        "node": ">=6.9.0"
      }
    },
    "node_modules/@babel/helper-string-parser": {
      "version": "7.27.1",
      "resolved": "https://registry.npmjs.org/@babel/helper-string-parser/-/helper-string-parser-7.27.1.tgz",
      "integrity": "sha512-qMlSxKbpRlAridDExk92nSobyDdpPijUq2DW6oDnUqd0iOGxmQjyqhMIihI9+zv4LPyZdRje2cavWPbCbWm3eA==",
      "dev": true,
      "engines": {
        "node": ">=6.9.0"
      }
    },
    "node_modules/@babel/helper-validator-identifier": {
      "version": "7.28.5",
      "resolved": "https://registry.npmjs.org/@babel/helper-validator-identifier/-/helper-validator-identifier-7.28.5.tgz",
      "integrity": "sha512-qSs4ifwzKJSV39ucNjsvc6WVHs6b7S03sOh2OcHF9UHfVPqWWALUsNUVzhSBiItjRZoLHx7nIarVjqKVusUZ1Q==",
      "dev": true,
      "engines": {
        "node": ">=6.9.0"
      }
    },
    "node_modules/@babel/helper-validator-option": {
      "version": "7.27.1",
      "resolved": "https://registry.npmjs.org/@babel/helper-validator-option/-/helper-validator-option-7.27.1.tgz",
      "integrity": "sha512-YvjJow9FxbhFFKDSuFnVCe2WxXk1zWc22fFePVNEaWJEu8IrZVlda6N0uHwzZrUM1il7NC9Mlp4MaJYbYd9JSg==",
      "dev": true,
      "engines": {
        "node": ">=6.9.0"
      }
    },
    "node_modules/@babel/helpers": {
      "version": "7.17.9",
      "resolved": "https://registry.npmjs.org/@babel/helpers/-/helpers-7.17.9.tgz",
      "integrity": "sha512-cPCt915ShDWUEzEp3+UNRktO2n6v49l5RSnG9M5pS24hA+2FAc5si+Pn1i4VVbQQ+jh+bIZhPFQOJOzbrOYY1Q==",
      "dev": true,
      "peer": true,
      "dependencies": {
        "@babel/template": "^7.16.7",
        "@babel/traverse": "^7.17.9",
        "@babel/types": "^7.17.0"
      },
      "engines": {
        "node": ">=6.9.0"
      }
    },
    "node_modules/@babel/parser": {
      "version": "7.28.5",
      "resolved": "https://registry.npmjs.org/@babel/parser/-/parser-7.28.5.tgz",
      "integrity": "sha512-KKBU1VGYR7ORr3At5HAtUQ+TV3SzRCXmA/8OdDZiLDBIZxVyzXuztPjfLd3BV1PRAQGCMWWSHYhL0F8d5uHBDQ==",
      "dev": true,
      "dependencies": {
        "@babel/types": "^7.28.5"
      },
      "bin": {
        "parser": "bin/babel-parser.js"
      },
      "engines": {
        "node": ">=6.0.0"
      }
    },
    "node_modules/@babel/plugin-syntax-jsx": {
      "version": "7.27.1",
      "resolved": "https://registry.npmjs.org/@babel/plugin-syntax-jsx/-/plugin-syntax-jsx-7.27.1.tgz",
      "integrity": "sha512-y8YTNIeKoyhGd9O0Jiyzyyqk8gdjnumGTQPsz0xOZOQ2RmkVJeZ1vmmfIvFEKqucBG6axJGBZDE/7iI5suUI/w==",
      "dev": true,
      "dependencies": {
        "@babel/helper-plugin-utils": "^7.27.1"
      },
      "engines": {
        "node": ">=6.9.0"
      },
      "peerDependencies": {
        "@babel/core": "^7.0.0-0"
      }
    },
    "node_modules/@babel/plugin-transform-react-display-name": {
      "version": "7.28.0",
      "resolved": "https://registry.npmjs.org/@babel/plugin-transform-react-display-name/-/plugin-transform-react-display-name-7.28.0.tgz",
      "integrity": "sha512-D6Eujc2zMxKjfa4Zxl4GHMsmhKKZ9VpcqIchJLvwTxad9zWIYulwYItBovpDOoNLISpcZSXoDJ5gaGbQUDqViA==",
      "dev": true,
      "dependencies": {
        "@babel/helper-plugin-utils": "^7.27.1"
      },
      "engines": {
        "node": ">=6.9.0"
      },
      "peerDependencies": {
        "@babel/core": "^7.0.0-0"
      }
    },
    "node_modules/@babel/plugin-transform-react-jsx": {
      "version": "7.27.1",
      "resolved": "https://registry.npmjs.org/@babel/plugin-transform-react-jsx/-/plugin-transform-react-jsx-7.27.1.tgz",
      "integrity": "sha512-2KH4LWGSrJIkVf5tSiBFYuXDAoWRq2MMwgivCf+93dd0GQi8RXLjKA/0EvRnVV5G0hrHczsquXuD01L8s6dmBw==",
      "dev": true,
      "dependencies": {
        "@babel/helper-annotate-as-pure": "^7.27.1",
        "@babel/helper-module-imports": "^7.27.1",
        "@babel/helper-plugin-utils": "^7.27.1",
        "@babel/plugin-syntax-jsx": "^7.27.1",
        "@babel/types": "^7.27.1"
      },
      "engines": {
        "node": ">=6.9.0"
      },
      "peerDependencies": {
        "@babel/core": "^7.0.0-0"
      }
    },
    "node_modules/@babel/plugin-transform-react-jsx-development": {
      "version": "7.27.1",
      "resolved": "https://registry.npmjs.org/@babel/plugin-transform-react-jsx-development/-/plugin-transform-react-jsx-development-7.27.1.tgz",
      "integrity": "sha512-ykDdF5yI4f1WrAolLqeF3hmYU12j9ntLQl/AOG1HAS21jxyg1Q0/J/tpREuYLfatGdGmXp/3yS0ZA76kOlVq9Q==",
      "dev": true,
      "dependencies": {
        "@babel/plugin-transform-react-jsx": "^7.27.1"
      },
      "engines": {
        "node": ">=6.9.0"
      },
      "peerDependencies": {
        "@babel/core": "^7.0.0-0"
      }
    },
    "node_modules/@babel/plugin-transform-react-pure-annotations": {
      "version": "7.27.1",
      "resolved": "https://registry.npmjs.org/@babel/plugin-transform-react-pure-annotations/-/plugin-transform-react-pure-annotations-7.27.1.tgz",
      "integrity": "sha512-JfuinvDOsD9FVMTHpzA/pBLisxpv1aSf+OIV8lgH3MuWrks19R27e6a6DipIg4aX1Zm9Wpb04p8wljfKrVSnPA==",
      "dev": true,
      "dependencies": {
        "@babel/helper-annotate-as-pure": "^7.27.1",
        "@babel/helper-plugin-utils": "^7.27.1"
      },
      "engines": {
        "node": ">=6.9.0"
      },
      "peerDependencies": {
        "@babel/core": "^7.0.0-0"
      }
    },
    "node_modules/@babel/preset-react": {
      "version": "7.28.5",
      "resolved": "https://registry.npmjs.org/@babel/preset-react/-/preset-react-7.28.5.tgz",
      "integrity": "sha512-Z3J8vhRq7CeLjdC58jLv4lnZ5RKFUJWqH5emvxmv9Hv3BD1T9R/Im713R4MTKwvFaV74ejZ3sM01LyEKk4ugNQ==",
      "dev": true,
      "dependencies": {
        "@babel/helper-plugin-utils": "^7.27.1",
        "@babel/helper-validator-option": "^7.27.1",
        "@babel/plugin-transform-react-display-name": "^7.28.0",
        "@babel/plugin-transform-react-jsx": "^7.27.1",
        "@babel/plugin-transform-react-jsx-development": "^7.27.1",
        "@babel/plugin-transform-react-pure-annotations": "^7.27.1"
      },
      "engines": {
        "node": ">=6.9.0"
      },
      "peerDependencies": {
        "@babel/core": "^7.0.0-0"
      }
    },
    "node_modules/@babel/template": {
      "version": "7.27.2",
      "resolved": "https://registry.npmjs.org/@babel/template/-/template-7.27.2.tgz",
      "integrity": "sha512-LPDZ85aEJyYSd18/DkjNh4/y1ntkE5KwUHWTiqgRxruuZL2F1yuHligVHLvcHY2vMHXttKFpJn6LwfI7cw7ODw==",
      "dev": true,
      "dependencies": {
        "@babel/code-frame": "^7.27.1",
        "@babel/parser": "^7.27.2",
        "@babel/types": "^7.27.1"
      },
      "engines": {
        "node": ">=6.9.0"
      }
    },
    "node_modules/@babel/traverse": {
      "version": "7.28.5",
      "resolved": "https://registry.npmjs.org/@babel/traverse/-/traverse-7.28.5.tgz",
      "integrity": "sha512-TCCj4t55U90khlYkVV/0TfkJkAkUg3jZFA3Neb7unZT8CPok7iiRfaX0F+WnqWqt7OxhOn0uBKXCw4lbL8W0aQ==",
      "dev": true,
      "dependencies": {
        "@babel/code-frame": "^7.27.1",
        "@babel/generator": "^7.28.5",
        "@babel/helper-globals": "^7.28.0",
        "@babel/parser": "^7.28.5",
        "@babel/template": "^7.27.2",
        "@babel/types": "^7.28.5",
        "debug": "^4.3.1"
      },
      "engines": {
        "node": ">=6.9.0"
      }
    },
    "node_modules/@babel/types": {
      "version": "7.28.5",
      "resolved": "https://registry.npmjs.org/@babel/types/-/types-7.28.5.tgz",
      "integrity": "sha512-qQ5m48eI/MFLQ5PxQj4PFaprjyCTLI37ElWMmNs0K8Lk3dVeOdNpB3ks8jc7yM5CDmVC73eMVk/trk3fgmrUpA==",
      "dev": true,
      "dependencies": {
        "@babel/helper-string-parser": "^7.27.1",
        "@babel/helper-validator-identifier": "^7.28.5"
      },
      "engines": {
        "node": ">=6.9.0"
      }
    },
    "node_modules/@jridgewell/gen-mapping": {
      "version": "0.1.1",
      "resolved": "https://registry.npmjs.org/@jridgewell/gen-mapping/-/gen-mapping-0.1.1.tgz",
      "integrity": "sha512-sQXCasFk+U8lWYEe66WxRDOE9PjVz4vSM51fTu3Hw+ClTpUSQb718772vH3pyS5pShp6lvQM7SxgIDXXXmOX7w==",
      "dev": true,
      "peer": true,
      "dependencies": {
        "@jridgewell/set-array": "^1.0.0",
        "@jridgewell/sourcemap-codec": "^1.4.10"
      },
      "engines": {
        "node": ">=6.0.0"
      }
    },
    "node_modules/@jridgewell/resolve-uri": {
      "version": "3.1.2",
      "resolved": "https://registry.npmjs.org/@jridgewell/resolve-uri/-/resolve-uri-3.1.2.tgz",
      "integrity": "sha512-bRISgCIjP20/tbWSPWMEi54QVPRZExkuD9lJL+UIxUKtwVJA8wW1Trb1jMs1RFXo1CBTNZ/5hpC9QvmKWdopKw==",
      "dev": true,
      "engines": {
        "node": ">=6.0.0"
      }
    },
    "node_modules/@jridgewell/set-array": {
      "version": "1.1.1",
      "resolved": "https://registry.npmjs.org/@jridgewell/set-array/-/set-array-1.1.1.tgz",
      "integrity": "sha512-Ct5MqZkLGEXTVmQYbGtx9SVqD2fqwvdubdps5D3djjAkgkKwT918VNOz65pEHFaYTeWcukmJmH5SwsA9Tn2ObQ==",
      "dev": true,
      "peer": true,
      "engines": {
        "node": ">=6.0.0"
      }
    },
    "node_modules/@jridgewell/sourcemap-codec": {
      "version": "1.5.5",
      "resolved": "https://registry.npmjs.org/@jridgewell/sourcemap-codec/-/sourcemap-codec-1.5.5.tgz",
      "integrity": "sha512-cYQ9310grqxueWbl+WuIUIaiUaDcj7WOq5fVhEljNVgRfOUhY9fy2zTvfoqWsnebh8Sl70VScFbICvJnLKB0Og==",
      "dev": true
    },
    "node_modules/@jridgewell/trace-mapping": {
      "version": "0.3.31",
      "resolved": "https://registry.npmjs.org/@jridgewell/trace-mapping/-/trace-mapping-0.3.31.tgz",
      "integrity": "sha512-zzNR+SdQSDJzc8joaeP8QQoCQr8NuYx2dIIytl1QeBEZHJ9uW6hebsrYgbz8hJwUQao3TWCMtmfV8Nu1twOLAw==",
      "dev": true,
      "dependencies": {
        "@jridgewell/resolve-uri": "^3.1.0",
        "@jridgewell/sourcemap-codec": "^1.4.14"
      }
    },
    "node_modules/browserslist": {
      "version": "4.20.3",
      "resolved": "https://registry.npmjs.org/browserslist/-/browserslist-4.20.3.tgz",
      "integrity": "sha512-NBhymBQl1zM0Y5dQT/O+xiLP9/rzOIQdKM/eMJBAq7yBgaB6krIYLGejrwVYnSHZdqjscB1SPuAjHwxjvN6Wdg==",
      "dev": true,
      "funding": [
        {
          "type": "opencollective",
          "url": "https://opencollective.com/browserslist"
        },
        {
          "type": "tidelift",
          "url": "https://tidelift.com/funding/github/npm/browserslist"
        }
      ],
      "peer": true,
      "dependencies": {
        "caniuse-lite": "^1.0.30001332",
        "electron-to-chromium": "^1.4.118",
        "escalade": "^3.1.1",
        "node-releases": "^2.0.3",
        "picocolors": "^1.0.0"
      },
      "bin": {
        "browserslist": "cli.js"
      },
      "engines": {
        "node": "^6 || ^7 || ^8 || ^9 || ^10 || ^11 || ^12 || >=13.7"
      }
    },
    "node_modules/caniuse-lite": {
      "version": "1.0.30001341",
      "resolved": "https://registry.npmjs.org/caniuse-lite/-/caniuse-lite-1.0.30001341.tgz",
      "integrity": "sha512-2SodVrFFtvGENGCv0ChVJIDQ0KPaS1cg7/qtfMaICgeMolDdo/Z2OD32F0Aq9yl6F4YFwGPBS5AaPqNYiW4PoA==",
      "dev": true,
      "funding": [
        {
          "type": "opencollective",
          "url": "https://opencollective.com/browserslist"
        },
        {
          "type": "tidelift",
          "url": "https://tidelift.com/funding/github/npm/caniuse-lite"
        }
      ],
      "peer": true
    },
    "node_modules/convert-source-map": {
      "version": "1.8.0",
      "resolved": "https://registry.npmjs.org/convert-source-map/-/convert-source-map-1.8.0.tgz",
      "integrity": "sha512-+OQdjP49zViI/6i7nIJpA8rAl4sV/JdPfU9nZs3VqOwGIgizICvuN2ru6fMd+4llL0tar18UYJXfZ/TWtmhUjA==",
      "dev": true,
      "peer": true,
      "dependencies": {
        "safe-buffer": "~5.1.1"
      }
    },
    "node_modules/debug": {
      "version": "4.3.4",
      "resolved": "https://registry.npmjs.org/debug/-/debug-4.3.4.tgz",
      "integrity": "sha512-PRWFHuSU3eDtQJPvnNY7Jcket1j0t5OuOsFzPPzsekD52Zl8qUfFIPEiswXqIvHWGVHOgX+7G/vCNNhehwxfkQ==",
      "dev": true,
      "dependencies": {
        "ms": "2.1.2"
      },
      "engines": {
        "node": ">=6.0"
      },
      "peerDependenciesMeta": {
        "supports-color": {
          "optional": true
        }
      }
    },
    "node_modules/electron-to-chromium": {
      "version": "1.4.137",
      "resolved": "https://registry.npmjs.org/electron-to-chromium/-/electron-to-chromium-1.4.137.tgz",
      "integrity": "sha512-0Rcpald12O11BUogJagX3HsCN3FE83DSqWjgXoHo5a72KUKMSfI39XBgJpgNNxS9fuGzytaFjE06kZkiVFy2qA==",
      "dev": true,
      "peer": true
    },
    "node_modules/escalade": {
      "version": "3.1.1",
      "resolved": "https://registry.npmjs.org/escalade/-/escalade-3.1.1.tgz",
      "integrity": "sha512-k0er2gUkLf8O0zKJiAhmkTnJlTvINGv7ygDNPbeIsX/TJjGJZHuh9B2UxbsaEkmlEo9MfhrSzmhIlhRlI2GXnw==",
      "dev": true,
      "peer": true,
      "engines": {
        "node": ">=6"
      }
    },
    "node_modules/gensync": {
      "version": "1.0.0-beta.2",
      "resolved": "https://registry.npmjs.org/gensync/-/gensync-1.0.0-beta.2.tgz",
      "integrity": "sha512-3hN7NaskYvMDLQY55gnW3NQ+mesEAepTqlg+VEbj7zzqEMBVNhzcGYYeqFo/TlYz6eQiFcp1HcsCZO+nGgS8zg==",
      "dev": true,
      "peer": true,
      "engines": {
        "node": ">=6.9.0"
      }
    },
    "node_modules/js-tokens": {
      "version": "4.0.0",
      "resolved": "https://registry.npmjs.org/js-tokens/-/js-tokens-4.0.0.tgz",
      "integrity": "sha512-RdJUflcE3cUzKiMqQgsCu06FPu9UdIJO0beYbPhHN4k6apgJtifcoCtT9bcxOpYBtpD2kCM6Sbzg4CausW/PKQ==",
      "dev": true
    },
    "node_modules/jsesc": {
      "version": "3.1.0",
      "resolved": "https://registry.npmjs.org/jsesc/-/jsesc-3.1.0.tgz",
      "integrity": "sha512-/sM3dO2FOzXjKQhJuo0Q173wf2KOo8t4I8vHy6lF9poUp7bKT0/NHE8fPX23PwfhnykfqnC2xRxOnVw5XuGIaA==",
      "dev": true,
      "bin": {
        "jsesc": "bin/jsesc"
      },
      "engines": {
        "node": ">=6"
      }
    },
    "node_modules/json5": {
      "version": "2.2.1",
      "resolved": "https://registry.npmjs.org/json5/-/json5-2.2.1.tgz",
      "integrity": "sha512-1hqLFMSrGHRHxav9q9gNjJ5EXznIxGVO09xQRrwplcS8qs28pZ8s8hupZAmqDwZUmVZ2Qb2jnyPOWcDH8m8dlA==",
      "dev": true,
      "peer": true,
      "bin": {
        "json5": "lib/cli.js"
      },
      "engines": {
        "node": ">=6"
      }
    },
    "node_modules/ms": {
      "version": "2.1.2",
      "resolved": "https://registry.npmjs.org/ms/-/ms-2.1.2.tgz",
      "integrity": "sha512-sGkPx+VjMtmA6MX27oA4FBFELFCZZ4S4XqeGOXCv68tT+jb3vk/RyaKWP0PTKyWtmLSM0b+adUTEvbs1PEaH2w==",
      "dev": true
    },
    "node_modules/node-releases": {
      "version": "2.0.4",
      "resolved": "https://registry.npmjs.org/node-releases/-/node-releases-2.0.4.tgz",
      "integrity": "sha512-gbMzqQtTtDz/00jQzZ21PQzdI9PyLYqUSvD0p3naOhX4odFji0ZxYdnVwPTxmSwkmxhcFImpozceidSG+AgoPQ==",
      "dev": true,
      "peer": true
    },
    "node_modules/picocolors": {
      "version": "1.1.1",
      "resolved": "https://registry.npmjs.org/picocolors/-/picocolors-1.1.1.tgz",
      "integrity": "sha512-xceH2snhtb5M9liqDsmEw56le376mTZkEX/jEb/RxNFyegNul7eNslCXP9FDj/Lcu0X8KEyMceP2ntpaHrDEVA==",
      "dev": true
    },
    "node_modules/react": {
      "version": "19.2.3",
      "resolved": "https://registry.npmjs.org/react/-/react-19.2.3.tgz",
      "integrity": "sha512-Ku/hhYbVjOQnXDZFv2+RibmLFGwFdeeKHFcOTlrt7xplBnya5OGn/hIRDsqDiSUcfORsDC7MPxwork8jBwsIWA==",
      "engines": {
        "node": ">=0.10.0"
      }
    },
    "node_modules/react-dom": {
      "version": "19.2.3",
      "resolved": "https://registry.npmjs.org/react-dom/-/react-dom-19.2.3.tgz",
      "integrity": "sha512-yELu4WmLPw5Mr/lmeEpox5rw3RETacE++JgHqQzd2dg+YbJuat3jH4ingc+WPZhxaoFzdv9y33G+F7Nl5O0GBg==",
      "dependencies": {
        "scheduler": "^0.27.0"
      },
      "peerDependencies": {
        "react": "^19.2.3"
      }
    },
    "node_modules/safe-buffer": {
      "version": "5.1.2",
      "resolved": "https://registry.npmjs.org/safe-buffer/-/safe-buffer-5.1.2.tgz",
      "integrity": "sha512-Gd2UZBJDkXlY7GbJxfsE8/nvKkUEU1G38c1siN6QP6a9PT9MmHB8GnpscSmMJSoF8LOIrt8ud/wPtojys4G6+g==",
      "dev": true,
      "peer": true
    },
    "node_modules/scheduler": {
      "version": "0.27.0",
      "resolved": "https://registry.npmjs.org/scheduler/-/scheduler-0.27.0.tgz",
      "integrity": "sha512-eNv+WrVbKu1f3vbYJT/xtiF5syA5HPIMtf9IgY/nKg0sWqzAUEvqY/xm7OcZc/qafLx/iO9FgOmeSAp4v5ti/Q=="
    },
    "node_modules/semver": {
      "version": "6.3.1",
      "resolved": "https://registry.npmjs.org/semver/-/semver-6.3.1.tgz",
      "integrity": "sha512-BR7VvDCVHO+q2xBEWskxS6DJE1qRnb7DxzUrogb71CWoSficBxYsiAGd+Kl0mmq/MprG9yArRkyrQxTO6XjMzA==",
      "dev": true,
      "peer": true,
      "bin": {
        "semver": "bin/semver.js"
      }
    }
  },
  "dependencies": {
    "@ampproject/remapping": {
      "version": "2.2.0",
      "resolved": "https://registry.npmjs.org/@ampproject/remapping/-/remapping-2.2.0.tgz",
      "integrity": "sha512-qRmjj8nj9qmLTQXXmaR1cck3UXSRMPrbsLJAasZpF+t3riI71BXed5ebIOYwQntykeZuhjsdweEc9BxH5Jc26w==",
      "dev": true,
      "peer": true,
      "requires": {
        "@jridgewell/gen-mapping": "^0.1.0",
        "@jridgewell/trace-mapping": "^0.3.9"
      }
    },
    "@babel/code-frame": {
      "version": "7.27.1",
      "resolved": "https://registry.npmjs.org/@babel/code-frame/-/code-frame-7.27.1.tgz",
      "integrity": "sha512-cjQ7ZlQ0Mv3b47hABuTevyTuYN4i+loJKGeV9flcCgIK37cCXRh+L1bd3iBHlynerhQ7BhCkn2BPbQUL+rGqFg==",
      "dev": true,
      "requires": {
        "@babel/helper-validator-identifier": "^7.27.1",
        "js-tokens": "^4.0.0",
        "picocolors": "^1.1.1"
      }
    },
    "@babel/compat-data": {
      "version": "7.17.10",
      "resolved": "https://registry.npmjs.org/@babel/compat-data/-/compat-data-7.17.10.tgz",
      "integrity": "sha512-GZt/TCsG70Ms19gfZO1tM4CVnXsPgEPBCpJu+Qz3L0LUDsY5nZqFZglIoPC1kIYOtNBZlrnFT+klg12vFGZXrw==",
      "dev": true,
      "peer": true
    },
    "@babel/core": {
      "version": "7.17.10",
      "resolved": "https://registry.npmjs.org/@babel/core/-/core-7.17.10.tgz",
      "integrity": "sha512-liKoppandF3ZcBnIYFjfSDHZLKdLHGJRkoWtG8zQyGJBQfIYobpnVGI5+pLBNtS6psFLDzyq8+h5HiVljW9PNA==",
      "dev": true,
      "peer": true,
      "requires": {
        "@ampproject/remapping": "^2.1.0",
        "@babel/code-frame": "^7.16.7",
        "@babel/generator": "^7.17.10",
        "@babel/helper-compilation-targets": "^7.17.10",
        "@babel/helper-module-transforms": "^7.17.7",
        "@babel/helpers": "^7.17.9",
        "@babel/parser": "^7.17.10",
        "@babel/template": "^7.16.7",
        "@babel/traverse": "^7.17.10",
        "@babel/types": "^7.17.10",
        "convert-source-map": "^1.7.0",
        "debug": "^4.1.0",
        "gensync": "^1.0.0-beta.2",
        "json5": "^2.2.1",
        "semver": "^6.3.0"
      }
    },
    "@babel/generator": {
      "version": "7.28.5",
      "resolved": "https://registry.npmjs.org/@babel/generator/-/generator-7.28.5.tgz",
      "integrity": "sha512-3EwLFhZ38J4VyIP6WNtt2kUdW9dokXA9Cr4IVIFHuCpZ3H8/YFOl5JjZHisrn1fATPBmKKqXzDFvh9fUwHz6CQ==",
      "dev": true,
      "requires": {
        "@babel/parser": "^7.28.5",
        "@babel/types": "^7.28.5",
        "@jridgewell/gen-mapping": "^0.3.12",
        "@jridgewell/trace-mapping": "^0.3.28",
        "jsesc": "^3.0.2"
      },
      "dependencies": {
        "@jridgewell/gen-mapping": {
          "version": "0.3.13",
          "resolved": "https://registry.npmjs.org/@jridgewell/gen-mapping/-/gen-mapping-0.3.13.tgz",
          "integrity": "sha512-2kkt/7niJ6MgEPxF0bYdQ6etZaA+fQvDcLKckhy1yIQOzaoKjBBjSj63/aLVjYE3qhRt5dvM+uUyfCg6UKCBbA==",
          "dev": true,
          "requires": {
            "@jridgewell/sourcemap-codec": "^1.5.0",
            "@jridgewell/trace-mapping": "^0.3.24"
          }
        }
      }
    },
    "@babel/helper-annotate-as-pure": {
      "version": "7.27.3",
      "resolved": "https://registry.npmjs.org/@babel/helper-annotate-as-pure/-/helper-annotate-as-pure-7.27.3.tgz",
      "integrity": "sha512-fXSwMQqitTGeHLBC08Eq5yXz2m37E4pJX1qAU1+2cNedz/ifv/bVXft90VeSav5nFO61EcNgwr0aJxbyPaWBPg==",
      "dev": true,
      "requires": {
        "@babel/types": "^7.27.3"
      }
    },
    "@babel/helper-compilation-targets": {
      "version": "7.17.10",
      "resolved": "https://registry.npmjs.org/@babel/helper-compilation-targets/-/helper-compilation-targets-7.17.10.tgz",
      "integrity": "sha512-gh3RxjWbauw/dFiU/7whjd0qN9K6nPJMqe6+Er7rOavFh0CQUSwhAE3IcTho2rywPJFxej6TUUHDkWcYI6gGqQ==",
      "dev": true,
      "peer": true,
      "requires": {
        "@babel/compat-data": "^7.17.10",
        "@babel/helper-validator-option": "^7.16.7",
        "browserslist": "^4.20.2",
        "semver": "^6.3.0"
      }
    },
    "@babel/helper-environment-visitor": {
      "version": "7.16.7",
      "resolved": "https://registry.npmjs.org/@babel/helper-environment-visitor/-/helper-environment-visitor-7.16.7.tgz",
      "integrity": "sha512-SLLb0AAn6PkUeAfKJCCOl9e1R53pQlGAfc4y4XuMRZfqeMYLE0dM1LMhqbGAlGQY0lfw5/ohoYWAe9V1yibRag==",
      "dev": true,
      "peer": true,
      "requires": {
        "@babel/types": "^7.16.7"
      }
    },
    "@babel/helper-globals": {
      "version": "7.28.0",
      "resolved": "https://registry.npmjs.org/@babel/helper-globals/-/helper-globals-7.28.0.tgz",
      "integrity": "sha512-+W6cISkXFa1jXsDEdYA8HeevQT/FULhxzR99pxphltZcVaugps53THCeiWA8SguxxpSp3gKPiuYfSWopkLQ4hw==",
      "dev": true
    },
    "@babel/helper-module-imports": {
      "version": "7.27.1",
      "resolved": "https://registry.npmjs.org/@babel/helper-module-imports/-/helper-module-imports-7.27.1.tgz",
      "integrity": "sha512-0gSFWUPNXNopqtIPQvlD5WgXYI5GY2kP2cCvoT8kczjbfcfuIljTbcWrulD1CIPIX2gt1wghbDy08yE1p+/r3w==",
      "dev": true,
      "requires": {
        "@babel/traverse": "^7.27.1",
        "@babel/types": "^7.27.1"
      }
    },
    "@babel/helper-module-transforms": {
      "version": "7.17.7",
      "resolved": "https://registry.npmjs.org/@babel/helper-module-transforms/-/helper-module-transforms-7.17.7.tgz",
      "integrity": "sha512-VmZD99F3gNTYB7fJRDTi+u6l/zxY0BE6OIxPSU7a50s6ZUQkHwSDmV92FfM+oCG0pZRVojGYhkR8I0OGeCVREw==",
      "dev": true,
      "peer": true,
      "requires": {
        "@babel/helper-environment-visitor": "^7.16.7",
        "@babel/helper-module-imports": "^7.16.7",
        "@babel/helper-simple-access": "^7.17.7",
        "@babel/helper-split-export-declaration": "^7.16.7",
        "@babel/helper-validator-identifier": "^7.16.7",
        "@babel/template": "^7.16.7",
        "@babel/traverse": "^7.17.3",
        "@babel/types": "^7.17.0"
      }
    },
    "@babel/helper-plugin-utils": {
      "version": "7.27.1",
      "resolved": "https://registry.npmjs.org/@babel/helper-plugin-utils/-/helper-plugin-utils-7.27.1.tgz",
      "integrity": "sha512-1gn1Up5YXka3YYAHGKpbideQ5Yjf1tDa9qYcgysz+cNCXukyLl6DjPXhD3VRwSb8c0J9tA4b2+rHEZtc6R0tlw==",
      "dev": true
    },
    "@babel/helper-simple-access": {
      "version": "7.17.7",
      "resolved": "https://registry.npmjs.org/@babel/helper-simple-access/-/helper-simple-access-7.17.7.tgz",
      "integrity": "sha512-txyMCGroZ96i+Pxr3Je3lzEJjqwaRC9buMUgtomcrLe5Nd0+fk1h0LLA+ixUF5OW7AhHuQ7Es1WcQJZmZsz2XA==",
      "dev": true,
      "peer": true,
      "requires": {
        "@babel/types": "^7.17.0"
      }
    },
    "@babel/helper-split-export-declaration": {
      "version": "7.16.7",
      "resolved": "https://registry.npmjs.org/@babel/helper-split-export-declaration/-/helper-split-export-declaration-7.16.7.tgz",
      "integrity": "sha512-xbWoy/PFoxSWazIToT9Sif+jJTlrMcndIsaOKvTA6u7QEo7ilkRZpjew18/W3c7nm8fXdUDXh02VXTbZ0pGDNw==",
      "dev": true,
      "peer": true,
      "requires": {
        "@babel/types": "^7.16.7"
      }
    },
    "@babel/helper-string-parser": {
      "version": "7.27.1",
      "resolved": "https://registry.npmjs.org/@babel/helper-string-parser/-/helper-string-parser-7.27.1.tgz",
      "integrity": "sha512-qMlSxKbpRlAridDExk92nSobyDdpPijUq2DW6oDnUqd0iOGxmQjyqhMIihI9+zv4LPyZdRje2cavWPbCbWm3eA==",
      "dev": true
    },
    "@babel/helper-validator-identifier": {
      "version": "7.28.5",
      "resolved": "https://registry.npmjs.org/@babel/helper-validator-identifier/-/helper-validator-identifier-7.28.5.tgz",
      "integrity": "sha512-qSs4ifwzKJSV39ucNjsvc6WVHs6b7S03sOh2OcHF9UHfVPqWWALUsNUVzhSBiItjRZoLHx7nIarVjqKVusUZ1Q==",
      "dev": true
    },
    "@babel/helper-validator-option": {
      "version": "7.27.1",
      "resolved": "https://registry.npmjs.org/@babel/helper-validator-option/-/helper-validator-option-7.27.1.tgz",
      "integrity": "sha512-YvjJow9FxbhFFKDSuFnVCe2WxXk1zWc22fFePVNEaWJEu8IrZVlda6N0uHwzZrUM1il7NC9Mlp4MaJYbYd9JSg==",
      "dev": true
    },
    "@babel/helpers": {
      "version": "7.17.9",
      "resolved": "https://registry.npmjs.org/@babel/helpers/-/helpers-7.17.9.tgz",
      "integrity": "sha512-cPCt915ShDWUEzEp3+UNRktO2n6v49l5RSnG9M5pS24hA+2FAc5si+Pn1i4VVbQQ+jh+bIZhPFQOJOzbrOYY1Q==",
      "dev": true,
      "peer": true,
      "requires": {
        "@babel/template": "^7.16.7",
        "@babel/traverse": "^7.17.9",
        "@babel/types": "^7.17.0"
      }
    },
    "@babel/parser": {
      "version": "7.28.5",
      "resolved": "https://registry.npmjs.org/@babel/parser/-/parser-7.28.5.tgz",
      "integrity": "sha512-KKBU1VGYR7ORr3At5HAtUQ+TV3SzRCXmA/8OdDZiLDBIZxVyzXuztPjfLd3BV1PRAQGCMWWSHYhL0F8d5uHBDQ==",
      "dev": true,
      "requires": {
        "@babel/types": "^7.28.5"
      }
    },
    "@babel/plugin-syntax-jsx": {
      "version": "7.27.1",
      "resolved": "https://registry.npmjs.org/@babel/plugin-syntax-jsx/-/plugin-syntax-jsx-7.27.1.tgz",
      "integrity": "sha512-y8YTNIeKoyhGd9O0Jiyzyyqk8gdjnumGTQPsz0xOZOQ2RmkVJeZ1vmmfIvFEKqucBG6axJGBZDE/7iI5suUI/w==",
      "dev": true,
      "requires": {
        "@babel/helper-plugin-utils": "^7.27.1"
      }
    },
    "@babel/plugin-transform-react-display-name": {
      "version": "7.28.0",
      "resolved": "https://registry.npmjs.org/@babel/plugin-transform-react-display-name/-/plugin-transform-react-display-name-7.28.0.tgz",
      "integrity": "sha512-D6Eujc2zMxKjfa4Zxl4GHMsmhKKZ9VpcqIchJLvwTxad9zWIYulwYItBovpDOoNLISpcZSXoDJ5gaGbQUDqViA==",
      "dev": true,
      "requires": {
        "@babel/helper-plugin-utils": "^7.27.1"
      }
    },
    "@babel/plugin-transform-react-jsx": {
      "version": "7.27.1",
      "resolved": "https://registry.npmjs.org/@babel/plugin-transform-react-jsx/-/plugin-transform-react-jsx-7.27.1.tgz",
      "integrity": "sha512-2KH4LWGSrJIkVf5tSiBFYuXDAoWRq2MMwgivCf+93dd0GQi8RXLjKA/0EvRnVV5G0hrHczsquXuD01L8s6dmBw==",
      "dev": true,
      "requires": {
        "@babel/helper-annotate-as-pure": "^7.27.1",
        "@babel/helper-module-imports": "^7.27.1",
        "@babel/helper-plugin-utils": "^7.27.1",
        "@babel/plugin-syntax-jsx": "^7.27.1",
        "@babel/types": "^7.27.1"
      }
    },
    "@babel/plugin-transform-react-jsx-development": {
      "version": "7.27.1",
      "resolved": "https://registry.npmjs.org/@babel/plugin-transform-react-jsx-development/-/plugin-transform-react-jsx-development-7.27.1.tgz",
      "integrity": "sha512-ykDdF5yI4f1WrAolLqeF3hmYU12j9ntLQl/AOG1HAS21jxyg1Q0/J/tpREuYLfatGdGmXp/3yS0ZA76kOlVq9Q==",
      "dev": true,
      "requires": {
        "@babel/plugin-transform-react-jsx": "^7.27.1"
      }
    },
    "@babel/plugin-transform-react-pure-annotations": {
      "version": "7.27.1",
      "resolved": "https://registry.npmjs.org/@babel/plugin-transform-react-pure-annotations/-/plugin-transform-react-pure-annotations-7.27.1.tgz",
      "integrity": "sha512-JfuinvDOsD9FVMTHpzA/pBLisxpv1aSf+OIV8lgH3MuWrks19R27e6a6DipIg4aX1Zm9Wpb04p8wljfKrVSnPA==",
      "dev": true,
      "requires": {
        "@babel/helper-annotate-as-pure": "^7.27.1",
        "@babel/helper-plugin-utils": "^7.27.1"
      }
    },
    "@babel/preset-react": {
      "version": "7.28.5",
      "resolved": "https://registry.npmjs.org/@babel/preset-react/-/preset-react-7.28.5.tgz",
      "integrity": "sha512-Z3J8vhRq7CeLjdC58jLv4lnZ5RKFUJWqH5emvxmv9Hv3BD1T9R/Im713R4MTKwvFaV74ejZ3sM01LyEKk4ugNQ==",
      "dev": true,
      "requires": {
        "@babel/helper-plugin-utils": "^7.27.1",
        "@babel/helper-validator-option": "^7.27.1",
        "@babel/plugin-transform-react-display-name": "^7.28.0",
        "@babel/plugin-transform-react-jsx": "^7.27.1",
        "@babel/plugin-transform-react-jsx-development": "^7.27.1",
        "@babel/plugin-transform-react-pure-annotations": "^7.27.1"
      }
    },
    "@babel/template": {
      "version": "7.27.2",
      "resolved": "https://registry.npmjs.org/@babel/template/-/template-7.27.2.tgz",
      "integrity": "sha512-LPDZ85aEJyYSd18/DkjNh4/y1ntkE5KwUHWTiqgRxruuZL2F1yuHligVHLvcHY2vMHXttKFpJn6LwfI7cw7ODw==",
      "dev": true,
      "requires": {
        "@babel/code-frame": "^7.27.1",
        "@babel/parser": "^7.27.2",
        "@babel/types": "^7.27.1"
      }
    },
    "@babel/traverse": {
      "version": "7.28.5",
      "resolved": "https://registry.npmjs.org/@babel/traverse/-/traverse-7.28.5.tgz",
      "integrity": "sha512-TCCj4t55U90khlYkVV/0TfkJkAkUg3jZFA3Neb7unZT8CPok7iiRfaX0F+WnqWqt7OxhOn0uBKXCw4lbL8W0aQ==",
      "dev": true,
      "requires": {
        "@babel/code-frame": "^7.27.1",
        "@babel/generator": "^7.28.5",
        "@babel/helper-globals": "^7.28.0",
        "@babel/parser": "^7.28.5",
        "@babel/template": "^7.27.2",
        "@babel/types": "^7.28.5",
        "debug": "^4.3.1"
      }
    },
    "@babel/types": {
      "version": "7.28.5",
      "resolved": "https://registry.npmjs.org/@babel/types/-/types-7.28.5.tgz",
      "integrity": "sha512-qQ5m48eI/MFLQ5PxQj4PFaprjyCTLI37ElWMmNs0K8Lk3dVeOdNpB3ks8jc7yM5CDmVC73eMVk/trk3fgmrUpA==",
      "dev": true,
      "requires": {
        "@babel/helper-string-parser": "^7.27.1",
        "@babel/helper-validator-identifier": "^7.28.5"
      }
    },
    "@jridgewell/gen-mapping": {
      "version": "0.1.1",
      "resolved": "https://registry.npmjs.org/@jridgewell/gen-mapping/-/gen-mapping-0.1.1.tgz",
      "integrity": "sha512-sQXCasFk+U8lWYEe66WxRDOE9PjVz4vSM51fTu3Hw+ClTpUSQb718772vH3pyS5pShp6lvQM7SxgIDXXXmOX7w==",
      "dev": true,
      "peer": true,
      "requires": {
        "@jridgewell/set-array": "^1.0.0",
        "@jridgewell/sourcemap-codec": "^1.4.10"
      }
    },
    "@jridgewell/resolve-uri": {
      "version": "3.1.2",
      "resolved": "https://registry.npmjs.org/@jridgewell/resolve-uri/-/resolve-uri-3.1.2.tgz",
      "integrity": "sha512-bRISgCIjP20/tbWSPWMEi54QVPRZExkuD9lJL+UIxUKtwVJA8wW1Trb1jMs1RFXo1CBTNZ/5hpC9QvmKWdopKw==",
      "dev": true
    },
    "@jridgewell/set-array": {
      "version": "1.1.1",
      "resolved": "https://registry.npmjs.org/@jridgewell/set-array/-/set-array-1.1.1.tgz",
      "integrity": "sha512-Ct5MqZkLGEXTVmQYbGtx9SVqD2fqwvdubdps5D3djjAkgkKwT918VNOz65pEHFaYTeWcukmJmH5SwsA9Tn2ObQ==",
      "dev": true,
      "peer": true
    },
    "@jridgewell/sourcemap-codec": {
      "version": "1.5.5",
      "resolved": "https://registry.npmjs.org/@jridgewell/sourcemap-codec/-/sourcemap-codec-1.5.5.tgz",
      "integrity": "sha512-cYQ9310grqxueWbl+WuIUIaiUaDcj7WOq5fVhEljNVgRfOUhY9fy2zTvfoqWsnebh8Sl70VScFbICvJnLKB0Og==",
      "dev": true
    },
    "@jridgewell/trace-mapping": {
      "version": "0.3.31",
      "resolved": "https://registry.npmjs.org/@jridgewell/trace-mapping/-/trace-mapping-0.3.31.tgz",
      "integrity": "sha512-zzNR+SdQSDJzc8joaeP8QQoCQr8NuYx2dIIytl1QeBEZHJ9uW6hebsrYgbz8hJwUQao3TWCMtmfV8Nu1twOLAw==",
      "dev": true,
      "requires": {
        "@jridgewell/resolve-uri": "^3.1.0",
        "@jridgewell/sourcemap-codec": "^1.4.14"
      }
    },
    "browserslist": {
      "version": "4.20.3",
      "resolved": "https://registry.npmjs.org/browserslist/-/browserslist-4.20.3.tgz",
      "integrity": "sha512-NBhymBQl1zM0Y5dQT/O+xiLP9/rzOIQdKM/eMJBAq7yBgaB6krIYLGejrwVYnSHZdqjscB1SPuAjHwxjvN6Wdg==",
      "dev": true,
      "peer": true,
      "requires": {
        "caniuse-lite": "^1.0.30001332",
        "electron-to-chromium": "^1.4.118",
        "escalade": "^3.1.1",
        "node-releases": "^2.0.3",
        "picocolors": "^1.0.0"
      }
    },
    "caniuse-lite": {
      "version": "1.0.30001341",
      "resolved": "https://registry.npmjs.org/caniuse-lite/-/caniuse-lite-1.0.30001341.tgz",
      "integrity": "sha512-2SodVrFFtvGENGCv0ChVJIDQ0KPaS1cg7/qtfMaICgeMolDdo/Z2OD32F0Aq9yl6F4YFwGPBS5AaPqNYiW4PoA==",
      "dev": true,
      "peer": true
    },
    "convert-source-map": {
      "version": "1.8.0",
      "resolved": "https://registry.npmjs.org/convert-source-map/-/convert-source-map-1.8.0.tgz",
      "integrity": "sha512-+OQdjP49zViI/6i7nIJpA8rAl4sV/JdPfU9nZs3VqOwGIgizICvuN2ru6fMd+4llL0tar18UYJXfZ/TWtmhUjA==",
      "dev": true,
      "peer": true,
      "requires": {
        "safe-buffer": "~5.1.1"
      }
    },
    "debug": {
      "version": "4.3.4",
      "resolved": "https://registry.npmjs.org/debug/-/debug-4.3.4.tgz",
      "integrity": "sha512-PRWFHuSU3eDtQJPvnNY7Jcket1j0t5OuOsFzPPzsekD52Zl8qUfFIPEiswXqIvHWGVHOgX+7G/vCNNhehwxfkQ==",
      "dev": true,
      "requires": {
        "ms": "2.1.2"
      }
    },
    "electron-to-chromium": {
      "version": "1.4.137",
      "resolved": "https://registry.npmjs.org/electron-to-chromium/-/electron-to-chromium-1.4.137.tgz",
      "integrity": "sha512-0Rcpald12O11BUogJagX3HsCN3FE83DSqWjgXoHo5a72KUKMSfI39XBgJpgNNxS9fuGzytaFjE06kZkiVFy2qA==",
      "dev": true,
      "peer": true
    },
    "escalade": {
      "version": "3.1.1",
      "resolved": "https://registry.npmjs.org/escalade/-/escalade-3.1.1.tgz",
      "integrity": "sha512-k0er2gUkLf8O0zKJiAhmkTnJlTvINGv7ygDNPbeIsX/TJjGJZHuh9B2UxbsaEkmlEo9MfhrSzmhIlhRlI2GXnw==",
      "dev": true,
      "peer": true
    },
    "gensync": {
      "version": "1.0.0-beta.2",
      "resolved": "https://registry.npmjs.org/gensync/-/gensync-1.0.0-beta.2.tgz",
      "integrity": "sha512-3hN7NaskYvMDLQY55gnW3NQ+mesEAepTqlg+VEbj7zzqEMBVNhzcGYYeqFo/TlYz6eQiFcp1HcsCZO+nGgS8zg==",
      "dev": true,
      "peer": true
    },
    "js-tokens": {
      "version": "4.0.0",
      "resolved": "https://registry.npmjs.org/js-tokens/-/js-tokens-4.0.0.tgz",
      "integrity": "sha512-RdJUflcE3cUzKiMqQgsCu06FPu9UdIJO0beYbPhHN4k6apgJtifcoCtT9bcxOpYBtpD2kCM6Sbzg4CausW/PKQ==",
      "dev": true
    },
    "jsesc": {
      "version": "3.1.0",
      "resolved": "https://registry.npmjs.org/jsesc/-/jsesc-3.1.0.tgz",
      "integrity": "sha512-/sM3dO2FOzXjKQhJuo0Q173wf2KOo8t4I8vHy6lF9poUp7bKT0/NHE8fPX23PwfhnykfqnC2xRxOnVw5XuGIaA==",
      "dev": true
    },
    "json5": {
      "version": "2.2.1",
      "resolved": "https://registry.npmjs.org/json5/-/json5-2.2.1.tgz",
      "integrity": "sha512-1hqLFMSrGHRHxav9q9gNjJ5EXznIxGVO09xQRrwplcS8qs28pZ8s8hupZAmqDwZUmVZ2Qb2jnyPOWcDH8m8dlA==",
      "dev": true,
      "peer": true
    },
    "ms": {
      "version": "2.1.2",
      "resolved": "https://registry.npmjs.org/ms/-/ms-2.1.2.tgz",
      "integrity": "sha512-sGkPx+VjMtmA6MX27oA4FBFELFCZZ4S4XqeGOXCv68tT+jb3vk/RyaKWP0PTKyWtmLSM0b+adUTEvbs1PEaH2w==",
      "dev": true
    },
    "node-releases": {
      "version": "2.0.4",
      "resolved": "https://registry.npmjs.org/node-releases/-/node-releases-2.0.4.tgz",
      "integrity": "sha512-gbMzqQtTtDz/00jQzZ21PQzdI9PyLYqUSvD0p3naOhX4odFji0ZxYdnVwPTxmSwkmxhcFImpozceidSG+AgoPQ==",
      "dev": true,
      "peer": true
    },
    "picocolors": {
      "version": "1.1.1",
      "resolved": "https://registry.npmjs.org/picocolors/-/picocolors-1.1.1.tgz",
      "integrity": "sha512-xceH2snhtb5M9liqDsmEw56le376mTZkEX/jEb/RxNFyegNul7eNslCXP9FDj/Lcu0X8KEyMceP2ntpaHrDEVA==",
      "dev": true
    },
    "react": {
      "version": "19.2.3",
      "resolved": "https://registry.npmjs.org/react/-/react-19.2.3.tgz",
      "integrity": "sha512-Ku/hhYbVjOQnXDZFv2+RibmLFGwFdeeKHFcOTlrt7xplBnya5OGn/hIRDsqDiSUcfORsDC7MPxwork8jBwsIWA=="
    },
    "react-dom": {
      "version": "19.2.3",
      "resolved": "https://registry.npmjs.org/react-dom/-/react-dom-19.2.3.tgz",
      "integrity": "sha512-yELu4WmLPw5Mr/lmeEpox5rw3RETacE++JgHqQzd2dg+YbJuat3jH4ingc+WPZhxaoFzdv9y33G+F7Nl5O0GBg==",
      "requires": {
        "scheduler": "^0.27.0"
      }
    },
    "safe-buffer": {
      "version": "5.1.2",
      "resolved": "https://registry.npmjs.org/safe-buffer/-/safe-buffer-5.1.2.tgz",
      "integrity": "sha512-Gd2UZBJDkXlY7GbJxfsE8/nvKkUEU1G38c1siN6QP6a9PT9MmHB8GnpscSmMJSoF8LOIrt8ud/wPtojys4G6+g==",
      "dev": true,
      "peer": true
    },
    "scheduler": {
      "version": "0.27.0",
      "resolved": "https://registry.npmjs.org/scheduler/-/scheduler-0.27.0.tgz",
      "integrity": "sha512-eNv+WrVbKu1f3vbYJT/xtiF5syA5HPIMtf9IgY/nKg0sWqzAUEvqY/xm7OcZc/qafLx/iO9FgOmeSAp4v5ti/Q=="
    },
    "semver": {
      "version": "6.3.1",
      "resolved": "https://registry.npmjs.org/semver/-/semver-6.3.1.tgz",
      "integrity": "sha512-BR7VvDCVHO+q2xBEWskxS6DJE1qRnb7DxzUrogb71CWoSficBxYsiAGd+Kl0mmq/MprG9yArRkyrQxTO6XjMzA==",
      "dev": true,
      "peer": true
    }
  }
}
